
Microsoft Visual Studio Solution File, Format Version 12.00
# Visual Studio Version 17
VisualStudioVersion = 17.4.33213.308
MinimumVisualStudioVersion = 10.0.40219.1
Project("{FAE04EC0-301F-11D3-BF4B-00C04F79EFBC}") = "FindNumberList", "FindNumberList\FindNumberList.csproj", "{B48E6088-DC95-4FAA-99CC-CA709F501BE2}"
EndProject
Global
	GlobalSection(SolutionConfigurationPlatforms) = preSolution
		Debug|Any CPU = Debug|Any CPU
		Release|Any CPU = Release|Any CPU
	EndGlobalSection
	GlobalSection(ProjectConfigurationPlatforms) = postSolution
		{B48E6088-DC95-4FAA-99CC-CA709F501BE2}.Debug|Any CPU.ActiveCfg = Debug|Any CPU
		{B48E6088-DC95-4FAA-99CC-CA709F501BE2}.Debug|Any CPU.Build.0 = Debug|Any CPU
		{B48E6088-DC95-4FAA-99CC-CA709F501BE2}.Release|Any CPU.ActiveCfg = Release|Any CPU
		{B48E6088-DC95-4FAA-99CC-CA709F501BE2}.Release|Any CPU.Build.0 = Release|Any CPU
	EndGlobalSection
	GlobalSection(SolutionProperties) = preSolution
		HideSolutionNode = FALSE
	EndGlobalSection
	GlobalSection(ExtensibilityGlobals) = postSolution
		SolutionGuid = {A591FBAE-8D08-4891-8DF7-6985AB8D57B4}
	EndGlobalSection
EndGlobal
