
Microsoft Visual Studio Solution File, Format Version 12.00
# Visual Studio Version 17
VisualStudioVersion = 17.4.33213.308
MinimumVisualStudioVersion = 10.0.40219.1
Project("{FAE04EC0-301F-11D3-BF4B-00C04F79EFBC}") = "YazidaReqemOLubOlmadigin", "YazidaReqemOLubOlmadigin\YazidaReqemOLubOlmadigin.csproj", "{BF1FC18D-8863-4AF8-A6DE-6AC14224E231}"
EndProject
Global
	GlobalSection(SolutionConfigurationPlatforms) = preSolution
		Debug|Any CPU = Debug|Any CPU
		Release|Any CPU = Release|Any CPU
	EndGlobalSection
	GlobalSection(ProjectConfigurationPlatforms) = postSolution
		{BF1FC18D-8863-4AF8-A6DE-6AC14224E231}.Debug|Any CPU.ActiveCfg = Debug|Any CPU
		{BF1FC18D-8863-4AF8-A6DE-6AC14224E231}.Debug|Any CPU.Build.0 = Debug|Any CPU
		{BF1FC18D-8863-4AF8-A6DE-6AC14224E231}.Release|Any CPU.ActiveCfg = Release|Any CPU
		{BF1FC18D-8863-4AF8-A6DE-6AC14224E231}.Release|Any CPU.Build.0 = Release|Any CPU
	EndGlobalSection
	GlobalSection(SolutionProperties) = preSolution
		HideSolutionNode = FALSE
	EndGlobalSection
	GlobalSection(ExtensibilityGlobals) = postSolution
		SolutionGuid = {C39268CE-DCC1-48DA-8D8A-24E13BA5402E}
	EndGlobalSection
EndGlobal
